hash: 2509d8bb09612822cba2485825ae2dea7fdc364a2227513d0f0a24c13de5843f
updated: 2017-01-19T12:08:44.136131563+07:00
imports:
- name: github.com/BurntSushi/toml
  version: a4eecd407cf4129fc902ece859a0114e4cf1a7f4
- name: github.com/dgrijalva/jwt-go
  version: 9ed569b5d1ac936e6494082958d63a6aa4fff99a
- name: github.com/facebookgo/clock
  version: 600d898af40aa09a7a93ecb9265d87b0504b6f03
- name: github.com/facebookgo/grace
  version: 5729e484473f52048578af1b80d0008c7024089b
  subpackages:
  - gracehttp
  - gracenet
- name: github.com/facebookgo/httpdown
  version: a3b1354551a26449fbe05f5d855937f6e7acbd71
- name: github.com/facebookgo/stats
  version: 1b76add642e42c6ffba7211ad7b3939ce654526e
- name: github.com/hashicorp/hcl
  version: 1c284ec98f4b398443cbabb0d9197f7f4cc0077c
  subpackages:
  - hcl/ast
  - hcl/parser
  - hcl/scanner
  - hcl/strconv
  - hcl/token
  - json/parser
  - json/scanner
  - json/token
- name: github.com/kr/pretty
  version: e6ac2fc51e89a3249e82157fa0bb7a18ef9dd5bb
- name: github.com/kr/text
  version: bb797dc4fb8320488f47bf11de07a733d7233e1f
- name: github.com/labstack/echo
  version: e08070379af60f5b9c0fb5bb2d1527ba9624fe43
  subpackages:
  - context
  - engine
  - engine/standard
  - log
  - middleware
- name: github.com/labstack/gommon
  version: 2d272df536d051e737aea353b86c979d6e88bce0
  subpackages:
  - color
  - log
- name: github.com/magiconair/properties
  version: c81f9d71af8f8cba1466501d30326b99a4e56c19
- name: github.com/maps90/librarian
  version: 562d75b4432d4c01e342b74cdd6bb00d3e453ab6
- name: github.com/mattn/go-colorable
  version: 9cbef7c35391cca05f15f8181dc0b18bc9736dbb
- name: github.com/mattn/go-isatty
  version: 56b76bdf51f7708750eac80fa38b952bb9f32639
- name: github.com/mitchellh/mapstructure
  version: d2dd0262208475919e1a362f675cfc0e7c10e905
- name: github.com/moul/http2curl
  version: 4e24498b31dba4683efb9d35c1c8a91e2eda28c8
- name: github.com/parnurzeal/gorequest
  version: 2aea80ce763523ecc6452e61c3727ae9595a5809
- name: github.com/Sirupsen/logrus
  version: 74bde9ea4c5b2c78995da8ed56d37e75644dc941
- name: github.com/smartystreets/goconvey
  version: d4c757aa9afd1e2fc1832aaab209b5794eb336e1
  subpackages:
  - convey
  - convey/gotest
  - convey/reporting
- name: github.com/spf13/cast
  version: ee7b3e0353166ab1f3a605294ac8cd2b77953778
- name: github.com/spf13/jwalterweatherman
  version: d00654080cddbd2b082acaa74007cb94a2b40866
- name: github.com/spf13/pflag
  version: 7f60f83a2c81bc3c3c0d5297f61ddfa68da9d3b7
- name: github.com/spf13/viper
  version: c975dc1b4eacf4ec7fdbf0873638de5d090ba323
- name: github.com/valyala/fasttemplate
  version: 3b874956e03f1636d171bda64b130f9135f42cff
- name: golang.org/x/net
  version: 4599ae7937fce9b670ce32b8ad32bbb7ae726b3e
  subpackages:
  - context
  - publicsuffix
- name: golang.org/x/sys
  version: c200b10b5d5e122be351b67af224adc6128af5bf
  subpackages:
  - unix
- name: gopkg.in/fsnotify.v1
  version: 8611c35ab31c1c28aa903d33cf8b6e44a399b09e
- name: gopkg.in/yaml.v2
  version: f7716cbe52baa25d2e9b0d0da546fcf909fc16b4
testImports:
- name: github.com/jtolds/gls
  version: 9a4a02dbe491bef4bab3c24fd9f3087d6c4c6690
- name: github.com/smartystreets/assertions
  version: 01fedaa993c0a9f9aa55111501cd7c81a49e812e
  subpackages:
  - internal/oglematchers
